
Microsoft Visual Studio Solution File, Format Version 12.00
# Visual Studio Version 17
VisualStudioVersion = 17.0.31903.59
MinimumVisualStudioVersion = 10.0.40219.1
Project("{9A19103F-16F7-4668-BE54-9A1E7A4F7556}") = "IdleBus", "IdleBus\IdleBus.csproj", "{AB044BE0-8676-481F-A454-3AD68B8BBE54}"
EndProject
Project("{2150E333-8FDC-42A3-9474-1A3956D46DE8}") = "Docs", "Docs", "{D820DCDF-5AE7-4B8E-9D1F-A5DDE89AFD7C}"
	ProjectSection(SolutionItems) = preProject
		readme.md = readme.md
	EndProjectSection
EndProject
Project("{9A19103F-16F7-4668-BE54-9A1E7A4F7556}") = "IdleScheduler", "IdleScheduler\IdleScheduler.csproj", "{3BF4F6C3-CD28-4795-987F-36A1AAAFD399}"
EndProject
Project("{2150E333-8FDC-42A3-9474-1A3956D46DE8}") = "Examples", "Examples", "{0832562A-80F3-4513-AC2F-4B4DFBB04F57}"
EndProject
Project("{9A19103F-16F7-4668-BE54-9A1E7A4F7556}") = "Examples_IdleBus_Core31", "Examples\Examples_IdleBus_Core31\Examples_IdleBus_Core31.csproj", "{A040B309-F980-43EF-B62F-0EDA2D031DA2}"
EndProject
Project("{FAE04EC0-301F-11D3-BF4B-00C04F79EFBC}") = "Examples_IdleBus_WinformNet40", "Examples\Examples_IdleBus_WinformNet40\Examples_IdleBus_WinformNet40.csproj", "{0FC8305A-114E-4792-9226-726FE3651CB0}"
EndProject
Project("{9A19103F-16F7-4668-BE54-9A1E7A4F7556}") = "Examples_IdleBus_Quickstart", "Examples\Examples_IdleBus_Quickstart\Examples_IdleBus_Quickstart.csproj", "{D359491B-5B34-408F-84A1-A3646A74BF54}"
EndProject
Global
	GlobalSection(SolutionConfigurationPlatforms) = preSolution
		Debug|Any CPU = Debug|Any CPU
		Release|Any CPU = Release|Any CPU
	EndGlobalSection
	GlobalSection(ProjectConfigurationPlatforms) = postSolution
		{AB044BE0-8676-481F-A454-3AD68B8BBE54}.Debug|Any CPU.ActiveCfg = Debug|Any CPU
		{AB044BE0-8676-481F-A454-3AD68B8BBE54}.Debug|Any CPU.Build.0 = Debug|Any CPU
		{AB044BE0-8676-481F-A454-3AD68B8BBE54}.Release|Any CPU.ActiveCfg = Release|Any CPU
		{AB044BE0-8676-481F-A454-3AD68B8BBE54}.Release|Any CPU.Build.0 = Release|Any CPU
		{3BF4F6C3-CD28-4795-987F-36A1AAAFD399}.Debug|Any CPU.ActiveCfg = Debug|Any CPU
		{3BF4F6C3-CD28-4795-987F-36A1AAAFD399}.Debug|Any CPU.Build.0 = Debug|Any CPU
		{3BF4F6C3-CD28-4795-987F-36A1AAAFD399}.Release|Any CPU.ActiveCfg = Release|Any CPU
		{3BF4F6C3-CD28-4795-987F-36A1AAAFD399}.Release|Any CPU.Build.0 = Release|Any CPU
		{A040B309-F980-43EF-B62F-0EDA2D031DA2}.Debug|Any CPU.ActiveCfg = Debug|Any CPU
		{A040B309-F980-43EF-B62F-0EDA2D031DA2}.Debug|Any CPU.Build.0 = Debug|Any CPU
		{A040B309-F980-43EF-B62F-0EDA2D031DA2}.Release|Any CPU.ActiveCfg = Release|Any CPU
		{A040B309-F980-43EF-B62F-0EDA2D031DA2}.Release|Any CPU.Build.0 = Release|Any CPU
		{0FC8305A-114E-4792-9226-726FE3651CB0}.Debug|Any CPU.ActiveCfg = Debug|Any CPU
		{0FC8305A-114E-4792-9226-726FE3651CB0}.Debug|Any CPU.Build.0 = Debug|Any CPU
		{0FC8305A-114E-4792-9226-726FE3651CB0}.Release|Any CPU.ActiveCfg = Release|Any CPU
		{0FC8305A-114E-4792-9226-726FE3651CB0}.Release|Any CPU.Build.0 = Release|Any CPU
		{D359491B-5B34-408F-84A1-A3646A74BF54}.Debug|Any CPU.ActiveCfg = Debug|Any CPU
		{D359491B-5B34-408F-84A1-A3646A74BF54}.Debug|Any CPU.Build.0 = Debug|Any CPU
		{D359491B-5B34-408F-84A1-A3646A74BF54}.Release|Any CPU.ActiveCfg = Release|Any CPU
		{D359491B-5B34-408F-84A1-A3646A74BF54}.Release|Any CPU.Build.0 = Release|Any CPU
	EndGlobalSection
	GlobalSection(SolutionProperties) = preSolution
		HideSolutionNode = FALSE
	EndGlobalSection
	GlobalSection(NestedProjects) = preSolution
		{A040B309-F980-43EF-B62F-0EDA2D031DA2} = {0832562A-80F3-4513-AC2F-4B4DFBB04F57}
		{0FC8305A-114E-4792-9226-726FE3651CB0} = {0832562A-80F3-4513-AC2F-4B4DFBB04F57}
		{D359491B-5B34-408F-84A1-A3646A74BF54} = {0832562A-80F3-4513-AC2F-4B4DFBB04F57}
	EndGlobalSection
	GlobalSection(ExtensibilityGlobals) = postSolution
		SolutionGuid = {23CB00AF-59EE-4479-A279-0A3AECA31FF5}
	EndGlobalSection
EndGlobal
